
Microsoft Visual Studio Solution File, Format Version 12.00
# Visual Studio Version 16
VisualStudioVersion = 16.0.29503.13
MinimumVisualStudioVersion = 10.0.40219.1
Project("{9A19103F-16F7-4668-BE54-9A1E7A4F7556}") = "OdeToFood", "OdeToFood\OdeToFood.csproj", "{EF0EF9A0-55C8-4C6E-8F45-0083E1EA0388}"
EndProject
Project("{FAE04EC0-301F-11D3-BF4B-00C04F79EFBC}") = "OdeToFood.Core", "OdeToFood.Core\OdeToFood.Core.csproj", "{95150CBD-0386-4D7F-8CC9-A588D9D16572}"
EndProject
Project("{FAE04EC0-301F-11D3-BF4B-00C04F79EFBC}") = "OdeToFood.Data", "OdeToFood.Data\OdeToFood.Data.csproj", "{F7BD391A-F676-43A7-AC5D-E46B42A7DC09}"
EndProject
Global
	GlobalSection(SolutionConfigurationPlatforms) = preSolution
		Debug|Any CPU = Debug|Any CPU
		Release|Any CPU = Release|Any CPU
	EndGlobalSection
	GlobalSection(ProjectConfigurationPlatforms) = postSolution
		{EF0EF9A0-55C8-4C6E-8F45-0083E1EA0388}.Debug|Any CPU.ActiveCfg = Debug|Any CPU
		{EF0EF9A0-55C8-4C6E-8F45-0083E1EA0388}.Debug|Any CPU.Build.0 = Debug|Any CPU
		{EF0EF9A0-55C8-4C6E-8F45-0083E1EA0388}.Release|Any CPU.ActiveCfg = Release|Any CPU
		{EF0EF9A0-55C8-4C6E-8F45-0083E1EA0388}.Release|Any CPU.Build.0 = Release|Any CPU
		{95150CBD-0386-4D7F-8CC9-A588D9D16572}.Debug|Any CPU.ActiveCfg = Debug|Any CPU
		{95150CBD-0386-4D7F-8CC9-A588D9D16572}.Debug|Any CPU.Build.0 = Debug|Any CPU
		{95150CBD-0386-4D7F-8CC9-A588D9D16572}.Release|Any CPU.ActiveCfg = Release|Any CPU
		{95150CBD-0386-4D7F-8CC9-A588D9D16572}.Release|Any CPU.Build.0 = Release|Any CPU
		{F7BD391A-F676-43A7-AC5D-E46B42A7DC09}.Debug|Any CPU.ActiveCfg = Debug|Any CPU
		{F7BD391A-F676-43A7-AC5D-E46B42A7DC09}.Debug|Any CPU.Build.0 = Debug|Any CPU
		{F7BD391A-F676-43A7-AC5D-E46B42A7DC09}.Release|Any CPU.ActiveCfg = Release|Any CPU
		{F7BD391A-F676-43A7-AC5D-E46B42A7DC09}.Release|Any CPU.Build.0 = Release|Any CPU
	EndGlobalSection
	GlobalSection(SolutionProperties) = preSolution
		HideSolutionNode = FALSE
	EndGlobalSection
	GlobalSection(ExtensibilityGlobals) = postSolution
		SolutionGuid = {A73DACB2-55FF-4668-84AD-4D0DAA0A4EB9}
	EndGlobalSection
EndGlobal
